{
  "requires": true,
  "lockfileVersion": 1,
  "dependencies": {
    "@vercel/analytics": {
      "version": "0.1.4",
      "resolved": "https://registry.npmjs.org/@vercel/analytics/-/analytics-0.1.4.tgz",
      "integrity": "sha512-6xI1kozfgigwmDTQCrtj+m0yQnzhLGa/l0yE8BjTbUQ2vF9b88CEXF3dXjZl48ESfjssCur3FkK3jOwZm4emrw=="
    }
  }
}
